
Microsoft Visual Studio Solution File, Format Version 12.00
# Visual Studio Version 16
VisualStudioVersion = 16.0.32126.315
MinimumVisualStudioVersion = 10.0.40219.1
Project("{FAE04EC0-301F-11D3-BF4B-00C04F79EFBC}") = "ASP_DropDownList", "ASP_DropDownList\ASP_DropDownList.csproj", "{DDCC3659-9461-4135-8961-BD1C2247F67B}"
EndProject
Global
	GlobalSection(SolutionConfigurationPlatforms) = preSolution
		Debug|Any CPU = Debug|Any CPU
		Release|Any CPU = Release|Any CPU
	EndGlobalSection
	GlobalSection(ProjectConfigurationPlatforms) = postSolution
		{DDCC3659-9461-4135-8961-BD1C2247F67B}.Debug|Any CPU.ActiveCfg = Debug|Any CPU
		{DDCC3659-9461-4135-8961-BD1C2247F67B}.Debug|Any CPU.Build.0 = Debug|Any CPU
		{DDCC3659-9461-4135-8961-BD1C2247F67B}.Release|Any CPU.ActiveCfg = Release|Any CPU
		{DDCC3659-9461-4135-8961-BD1C2247F67B}.Release|Any CPU.Build.0 = Release|Any CPU
	EndGlobalSection
	GlobalSection(SolutionProperties) = preSolution
		HideSolutionNode = FALSE
	EndGlobalSection
	GlobalSection(ExtensibilityGlobals) = postSolution
		SolutionGuid = {892090C0-E8C5-4BC5-8635-065BBA9C786A}
	EndGlobalSection
EndGlobal
