
Microsoft Visual Studio Solution File, Format Version 12.00
# Visual Studio Version 16
VisualStudioVersion = 16.0.31410.357
MinimumVisualStudioVersion = 10.0.40219.1
Project("{FAE04EC0-301F-11D3-BF4B-00C04F79EFBC}") = "Jan27_Proj", "Jan27_Proj.csproj", "{AC3B933F-0FD7-428D-8D23-121D0463813C}"
EndProject
Global
	GlobalSection(SolutionConfigurationPlatforms) = preSolution
		Debug|Any CPU = Debug|Any CPU
		Release|Any CPU = Release|Any CPU
	EndGlobalSection
	GlobalSection(ProjectConfigurationPlatforms) = postSolution
		{AC3B933F-0FD7-428D-8D23-121D0463813C}.Debug|Any CPU.ActiveCfg = Debug|Any CPU
		{AC3B933F-0FD7-428D-8D23-121D0463813C}.Debug|Any CPU.Build.0 = Debug|Any CPU
		{AC3B933F-0FD7-428D-8D23-121D0463813C}.Release|Any CPU.ActiveCfg = Release|Any CPU
		{AC3B933F-0FD7-428D-8D23-121D0463813C}.Release|Any CPU.Build.0 = Release|Any CPU
	EndGlobalSection
	GlobalSection(SolutionProperties) = preSolution
		HideSolutionNode = FALSE
	EndGlobalSection
	GlobalSection(ExtensibilityGlobals) = postSolution
		SolutionGuid = {92945861-D768-49E5-96C6-0F4C07885766}
	EndGlobalSection
EndGlobal
