
Microsoft Visual Studio Solution File, Format Version 12.00
# Visual Studio Version 16
VisualStudioVersion = 16.0.32126.315
MinimumVisualStudioVersion = 10.0.40219.1
Project("{FAE04EC0-301F-11D3-BF4B-00C04F79EFBC}") = "StudentCodeFrstPrj", "StudentCodeFrstPrj\StudentCodeFrstPrj.csproj", "{5249426A-975A-4883-9936-D2857E5DB760}"
EndProject
Global
	GlobalSection(SolutionConfigurationPlatforms) = preSolution
		Debug|Any CPU = Debug|Any CPU
		Release|Any CPU = Release|Any CPU
	EndGlobalSection
	GlobalSection(ProjectConfigurationPlatforms) = postSolution
		{5249426A-975A-4883-9936-D2857E5DB760}.Debug|Any CPU.ActiveCfg = Debug|Any CPU
		{5249426A-975A-4883-9936-D2857E5DB760}.Debug|Any CPU.Build.0 = Debug|Any CPU
		{5249426A-975A-4883-9936-D2857E5DB760}.Release|Any CPU.ActiveCfg = Release|Any CPU
		{5249426A-975A-4883-9936-D2857E5DB760}.Release|Any CPU.Build.0 = Release|Any CPU
	EndGlobalSection
	GlobalSection(SolutionProperties) = preSolution
		HideSolutionNode = FALSE
	EndGlobalSection
	GlobalSection(ExtensibilityGlobals) = postSolution
		SolutionGuid = {F6DE1504-69B5-4368-BE08-8A31768D21D5}
	EndGlobalSection
EndGlobal
