
Microsoft Visual Studio Solution File, Format Version 12.00
# Visual Studio Version 16
VisualStudioVersion = 16.0.32126.315
MinimumVisualStudioVersion = 10.0.40219.1
Project("{FAE04EC0-301F-11D3-BF4B-00C04F79EFBC}") = "Zensar_CaseStudy_Day1", "Zensar_CaseStudy_Day1\Zensar_CaseStudy_Day1.csproj", "{F00FE70E-D8B3-4F7A-AE6B-12CCA507D2E3}"
EndProject
Global
	GlobalSection(SolutionConfigurationPlatforms) = preSolution
		Debug|Any CPU = Debug|Any CPU
		Release|Any CPU = Release|Any CPU
	EndGlobalSection
	GlobalSection(ProjectConfigurationPlatforms) = postSolution
		{F00FE70E-D8B3-4F7A-AE6B-12CCA507D2E3}.Debug|Any CPU.ActiveCfg = Debug|Any CPU
		{F00FE70E-D8B3-4F7A-AE6B-12CCA507D2E3}.Debug|Any CPU.Build.0 = Debug|Any CPU
		{F00FE70E-D8B3-4F7A-AE6B-12CCA507D2E3}.Release|Any CPU.ActiveCfg = Release|Any CPU
		{F00FE70E-D8B3-4F7A-AE6B-12CCA507D2E3}.Release|Any CPU.Build.0 = Release|Any CPU
	EndGlobalSection
	GlobalSection(SolutionProperties) = preSolution
		HideSolutionNode = FALSE
	EndGlobalSection
	GlobalSection(ExtensibilityGlobals) = postSolution
		SolutionGuid = {E7B99135-BACC-4B61-BECE-206162B562B9}
	EndGlobalSection
EndGlobal
